{
	"name": "@webauthn-lib/server",
	"version": "0.1.0",
	"lockfileVersion": 1,
	"requires": true,
	"dependencies": {
		"@fidm/asn1": {
			"version": "1.0.4",
			"resolved": "https://registry.npmjs.org/@fidm/asn1/-/asn1-1.0.4.tgz",
			"integrity": "sha512-esd1jyNvRb2HVaQGq2Gg8Z0kbQPXzV9Tq5Z14KNIov6KfFD6PTaRIO8UpcsYiTNzOqJpmyzWgVTrUwFV3UF4TQ=="
		},
		"@fidm/x509": {
			"version": "1.2.1",
			"resolved": "https://registry.npmjs.org/@fidm/x509/-/x509-1.2.1.tgz",
			"integrity": "sha512-nwc2iesjyc9hkuzcrMCBXQRn653XuAUKorfWM8PZyJawiy1QzLj4vahwzaI25+pfpwOLvMzbJ0uKpWLDNmo16w==",
			"requires": {
				"@fidm/asn1": "^1.0.4",
				"tweetnacl": "^1.0.1"
			}
		},
		"@lapo/asn1js": {
			"version": "1.1.0",
			"resolved": "https://registry.npmjs.org/@lapo/asn1js/-/asn1js-1.1.0.tgz",
			"integrity": "sha512-Lbv9WwWKsWydCc4iC3n11RmKXC7eIwdo3lEB5Em4qFAMkC69ZHWmuv4YvQjbubRGuyAlgGI2Gvu0NvCld7BJ0A=="
		},
		"base64url": {
			"version": "3.0.1",
			"resolved": "https://registry.npmjs.org/base64url/-/base64url-3.0.1.tgz",
			"integrity": "sha512-ir1UPr3dkwexU7FdV8qBBbNDRUhMmIekYMFZfi+C/sLNnRESKPl23nB9b2pltqfOQNnGzsDdId90AEtG5tCx4A=="
		},
		"bignumber.js": {
			"version": "9.0.0",
			"resolved": "https://registry.npmjs.org/bignumber.js/-/bignumber.js-9.0.0.tgz",
			"integrity": "sha512-t/OYhhJ2SD+YGBQcjY8GzzDHEk9f3nerxjtfa6tlMXfe7frs/WozhvCNoGvpM0P3bNf3Gq5ZRMlGr5f3r4/N8A=="
		},
		"cbor": {
			"version": "5.0.2",
			"resolved": "https://registry.npmjs.org/cbor/-/cbor-5.0.2.tgz",
			"integrity": "sha512-6JiKVURxxO92FntzTJq54QdN/8fBaBwD7+nNyGIAi1HL9mBgU3YK6ULV8k7WTuT/EwfRsjy3MuqDKlkQMCmfXg==",
			"requires": {
				"bignumber.js": "^9.0.0",
				"nofilter": "^1.0.3"
			}
		},
		"commander": {
			"version": "3.0.2",
			"resolved": "https://registry.npmjs.org/commander/-/commander-3.0.2.tgz",
			"integrity": "sha512-Gar0ASD4BDyKC4hl4DwHqDrmvjoxWKZigVnAbn5H1owvm4CxCPdb0HQDehwNYMJpla5+M2tPmPARzhtYuwpHow=="
		},
		"cose-to-jwk": {
			"version": "1.1.0",
			"resolved": "https://registry.npmjs.org/cose-to-jwk/-/cose-to-jwk-1.1.0.tgz",
			"integrity": "sha512-DbR/XPptfo+kcoA77jWPTe4JS0MrpOXAg0sgVr2FeZMnTGGpppOL072e2hgPHTVbSoMkt5l0qDv/k2xCn+79Cg==",
			"requires": {
				"cbor": "^4.0.0"
			},
			"dependencies": {
				"cbor": {
					"version": "4.3.0",
					"resolved": "https://registry.npmjs.org/cbor/-/cbor-4.3.0.tgz",
					"integrity": "sha512-CvzaxQlaJVa88sdtTWvLJ++MbdtPHtZOBBNjm7h3YKUHILMs9nQyD4AC6hvFZy7GBVB3I6bRibJcxeHydyT2IQ==",
					"requires": {
						"bignumber.js": "^9.0.0",
						"commander": "^3.0.0",
						"json-text-sequence": "^0.1",
						"nofilter": "^1.0.3"
					}
				}
			}
		},
		"delimit-stream": {
			"version": "0.1.0",
			"resolved": "https://registry.npmjs.org/delimit-stream/-/delimit-stream-0.1.0.tgz",
			"integrity": "sha1-m4MZR3wOX4rrPONXrjBfwl6hzSs="
		},
		"eckles": {
			"version": "1.4.1",
			"resolved": "https://registry.npmjs.org/eckles/-/eckles-1.4.1.tgz",
			"integrity": "sha512-auWyk/k8oSkVHaD4RxkPadKsLUcIwKgr/h8F7UZEueFDBO7BsE4y+H6IMUDbfqKIFPg/9MxV6KcBdJCmVVcxSA=="
		},
		"is-url": {
			"version": "1.2.4",
			"resolved": "https://registry.npmjs.org/is-url/-/is-url-1.2.4.tgz",
			"integrity": "sha512-ITvGim8FhRiYe4IQ5uHSkj7pVaPDrCTkNd3yq3cV7iZAcJdHTUMPMEHcqSOy9xZ9qFenQCvi+2wjH9a1nXqHww=="
		},
		"json-text-sequence": {
			"version": "0.1.1",
			"resolved": "https://registry.npmjs.org/json-text-sequence/-/json-text-sequence-0.1.1.tgz",
			"integrity": "sha1-py8hfcSvxGKf/1/rME3BvVGi89I=",
			"requires": {
				"delimit-stream": "0.1.0"
			}
		},
		"nofilter": {
			"version": "1.0.3",
			"resolved": "https://registry.npmjs.org/nofilter/-/nofilter-1.0.3.tgz",
			"integrity": "sha512-FlUlqwRK6reQCaFLAhMcF+6VkVG2caYjKQY3YsRDTl4/SEch595Qb3oLjJRDr8dkHAAOVj2pOx3VknfnSgkE5g=="
		},
		"rasha": {
			"version": "1.2.5",
			"resolved": "https://registry.npmjs.org/rasha/-/rasha-1.2.5.tgz",
			"integrity": "sha512-KxtX+/fBk+wM7O3CNgwjSh5elwFilLvqWajhr6wFr2Hd63JnKTTi43Tw+Jb1hxJQWOwoya+NZWR2xztn3hCrTw=="
		},
		"tweetnacl": {
			"version": "1.0.3",
			"resolved": "https://registry.npmjs.org/tweetnacl/-/tweetnacl-1.0.3.tgz",
			"integrity": "sha512-6rt+RN7aOi1nGMyC4Xa5DdYiukl2UWCbcJft7YhxReBGQD7OAM8Pbxw6YMo4r2diNEA8FEmu32YOn9rhaiE5yw=="
		}
	}
}
